Microsoft Visual Studio Solution File, Format Version 12.00
# Visual Studio Version 17
VisualStudioVersion = 17.5.2.0
MinimumVisualStudioVersion = 10.0.40219.1
Project("{FAE04EC0-301F-11D3-BF4B-00C04F79EFBC}") = "ProyectoSena2025", "ProyectoSena2025.csproj", "{0F36D5C8-5492-8DDF-2B46-0C9B76209E71}"
EndProject
Global
	GlobalSection(SolutionConfigurationPlatforms) = preSolution
		Debug|Any CPU = Debug|Any CPU
		Release|Any CPU = Release|Any CPU
	EndGlobalSection
	GlobalSection(ProjectConfigurationPlatforms) = postSolution
		{0F36D5C8-5492-8DDF-2B46-0C9B76209E71}.Debug|Any CPU.ActiveCfg = Debug|Any CPU
		{0F36D5C8-5492-8DDF-2B46-0C9B76209E71}.Debug|Any CPU.Build.0 = Debug|Any CPU
		{0F36D5C8-5492-8DDF-2B46-0C9B76209E71}.Release|Any CPU.ActiveCfg = Release|Any CPU
		{0F36D5C8-5492-8DDF-2B46-0C9B76209E71}.Release|Any CPU.Build.0 = Release|Any CPU
	EndGlobalSection
	GlobalSection(SolutionProperties) = preSolution
		HideSolutionNode = FALSE
	EndGlobalSection
	GlobalSection(ExtensibilityGlobals) = postSolution
		SolutionGuid = {548EBA37-7A7B-4CCA-B335-6D757D15BE9D}
	EndGlobalSection
EndGlobal
